
Microsoft Visual Studio Solution File, Format Version 12.00
# Visual Studio Version 17
VisualStudioVersion = 17.5.33424.131
MinimumVisualStudioVersion = 10.0.40219.1
Project("{FAE04EC0-301F-11D3-BF4B-00C04F79EFBC}") = "Solution", "Solution.csproj", "{0201E32E-1876-4A2A-A763-EB252E12E504}"
EndProject
Project("{FAE04EC0-301F-11D3-BF4B-00C04F79EFBC}") = "ConsoleDrawer", "..\ConsoleDrawer\ConsoleDrawer.csproj", "{D0E65701-8999-4A7B-9714-46CBA74DE6B0}"
EndProject
Global
	GlobalSection(SolutionConfigurationPlatforms) = preSolution
		Debug|Any CPU = Debug|Any CPU
		Release|Any CPU = Release|Any CPU
	EndGlobalSection
	GlobalSection(ProjectConfigurationPlatforms) = postSolution
		{0201E32E-1876-4A2A-A763-EB252E12E504}.Debug|Any CPU.ActiveCfg = Debug|Any CPU
		{0201E32E-1876-4A2A-A763-EB252E12E504}.Debug|Any CPU.Build.0 = Debug|Any CPU
		{0201E32E-1876-4A2A-A763-EB252E12E504}.Release|Any CPU.ActiveCfg = Release|Any CPU
		{0201E32E-1876-4A2A-A763-EB252E12E504}.Release|Any CPU.Build.0 = Release|Any CPU
		{D0E65701-8999-4A7B-9714-46CBA74DE6B0}.Debug|Any CPU.ActiveCfg = Debug|Any CPU
		{D0E65701-8999-4A7B-9714-46CBA74DE6B0}.Debug|Any CPU.Build.0 = Debug|Any CPU
		{D0E65701-8999-4A7B-9714-46CBA74DE6B0}.Release|Any CPU.ActiveCfg = Release|Any CPU
		{D0E65701-8999-4A7B-9714-46CBA74DE6B0}.Release|Any CPU.Build.0 = Release|Any CPU
	EndGlobalSection
	GlobalSection(SolutionProperties) = preSolution
		HideSolutionNode = FALSE
	EndGlobalSection
	GlobalSection(ExtensibilityGlobals) = postSolution
		SolutionGuid = {9860D593-ECE4-45AD-A655-951CB0591BCD}
	EndGlobalSection
EndGlobal
